// !$*UTF8*$!
{
	archiveVersion = 1;
	classes = {
	};
	objectVersion = 77;
	objects = {

/* Begin PBXContainerItemProxy section */
		9C9B653A2DC111F600E1E8F0 /* PBXContainerItemProxy */ = {
			isa = PBXContainerItemProxy;
			containerPortal = 9C9B65212DC111F500E1E8F0 /* Project object */;
			proxyType = 1;
			remoteGlobalIDString = 9C9B65282DC111F500E1E8F0;
			remoteInfo = MovieverseApp;
		};
		9C9B65442DC111F600E1E8F0 /* PBXContainerItemProxy */ = {
			isa = PBXContainerItemProxy;
			containerPortal = 9C9B65212DC111F500E1E8F0 /* Project object */;
			proxyType = 1;
			remoteGlobalIDString = 9C9B65282DC111F500E1E8F0;
			remoteInfo = MovieverseApp;
		};
/* End PBXContainerItemProxy section */

/* Begin PBXFileReference section */
		9C9B65292DC111F500E1E8F0 /* MovieverseApp.app */ = {isa = PBXFileReference; explicitFileType = wrapper.application; includeInIndex = 0; path = MovieverseApp.app; sourceTree = BUILT_PRODUCTS_DIR; };
		9C9B65392DC111F600E1E8F0 /* MovieverseAppTests.xctest */ = {isa = PBXFileReference; explicitFileType = wrapper.cfbundle; includeInIndex = 0; path = MovieverseAppTests.xctest; sourceTree = BUILT_PRODUCTS_DIR; };
		9C9B65432DC111F600E1E8F0 /* MovieverseAppUITests.xctest */ = {isa = PBXFileReference; explicitFileType = wrapper.cfbundle; includeInIndex = 0; path = MovieverseAppUITests.xctest; sourceTree = BUILT_PRODUCTS_DIR; };
/* End PBXFileReference section */

/* Begin PBXFileSystemSynchronizedRootGroup section */
		9C9B652B2DC111F500E1E8F0 /* MovieverseApp */ = {
			isa = PBXFileSystemSynchronizedRootGroup;
			path = MovieverseApp;
			sourceTree = "<group>";
		};
		9C9B653C2DC111F600E1E8F0 /* MovieverseAppTests */ = {
			isa = PBXFileSystemSynchronizedRootGroup;
			path = MovieverseAppTests;
			sourceTree = "<group>";
		};
		9C9B65462DC111F600E1E8F0 /* MovieverseAppUITests */ = {
			isa = PBXFileSystemSynchronizedRootGroup;
			path = MovieverseAppUITests;
			sourceTree = "<group>";
		};
/* End PBXFileSystemSynchronizedRootGroup section */

/* Begin PBXFrameworksBuildPhase section */
		9C9B65262DC111F500E1E8F0 /* Frameworks */ = {
			isa = PBXFrameworksBuildPhase;
			buildActionMask = 2147483647;
			files = (
			);
			runOnlyForDeploymentPostprocessing = 0;
		};
		9C9B65362DC111F600E1E8F0 /* Frameworks */ = {
			isa = PBXFrameworksBuildPhase;
			buildActionMask = 2147483647;
			files = (
			);
			runOnlyForDeploymentPostprocessing = 0;
		};
		9C9B65402DC111F600E1E8F0 /* Frameworks */ = {
			isa = PBXFrameworksBuildPhase;
			buildActionMask = 2147483647;
			files = (
			);
			runOnlyForDeploymentPostprocessing = 0;
		};
/* End PBXFrameworksBuildPhase section */

/* Begin PBXGroup section */
		9C9B65202DC111F500E1E8F0 = {
			isa = PBXGroup;
			children = (
				9C9B652B2DC111F500E1E8F0 /* MovieverseApp */,
				9C9B653C2DC111F600E1E8F0 /* MovieverseAppTests */,
				9C9B65462DC111F600E1E8F0 /* MovieverseAppUITests */,
				9C9B652A2DC111F500E1E8F0 /* Products */,
			);
			sourceTree = "<group>";
		};
		9C9B652A2DC111F500E1E8F0 /* Products */ = {
			isa = PBXGroup;
			children = (
				9C9B65292DC111F500E1E8F0 /* MovieverseApp.app */,
				9C9B65392DC111F600E1E8F0 /* MovieverseAppTests.xctest */,
				9C9B65432DC111F600E1E8F0 /* MovieverseAppUITests.xctest */,
			);
			name = Products;
			sourceTree = "<group>";
		};
/* End PBXGroup section */

/* Begin PBXNativeTarget section */
		9C9B65282DC111F500E1E8F0 /* MovieverseApp */ = {
			isa = PBXNativeTarget;
			buildConfigurationList = 9C9B654D2DC111F600E1E8F0 /* Build configuration list for PBXNativeTarget "MovieverseApp" */;
			buildPhases = (
				9C9B65252DC111F500E1E8F0 /* Sources */,
				9C9B65262DC111F500E1E8F0 /* Frameworks */,
				9C9B65272DC111F500E1E8F0 /* Resources */,
			);
			buildRules = (
			);
			dependencies = (
			);
			fileSystemSynchronizedGroups = (
				9C9B652B2DC111F500E1E8F0 /* MovieverseApp */,
			);
			name = MovieverseApp;
			packageProductDependencies = (
			);
			productName = MovieverseApp;
			productReference = 9C9B65292DC111F500E1E8F0 /* MovieverseApp.app */;
			productType = "com.apple.product-type.application";
		};
		9C9B65382DC111F600E1E8F0 /* MovieverseAppTests */ = {
			isa = PBXNativeTarget;
			buildConfigurationList = 9C9B65502DC111F600E1E8F0 /* Build configuration list for PBXNativeTarget "MovieverseAppTests" */;
			buildPhases = (
				9C9B65352DC111F600E1E8F0 /* Sources */,
				9C9B65362DC111F600E1E8F0 /* Frameworks */,
				9C9B65372DC111F600E1E8F0 /* Resources */,
			);
			buildRules = (
			);
			dependencies = (
				9C9B653B2DC111F600E1E8F0 /* PBXTargetDependency */,
			);
			fileSystemSynchronizedGroups = (
				9C9B653C2DC111F600E1E8F0 /* MovieverseAppTests */,
			);
			name = MovieverseAppTests;
			packageProductDependencies = (
			);
			productName = MovieverseAppTests;
			productReference = 9C9B65392DC111F600E1E8F0 /* MovieverseAppTests.xctest */;
			productType = "com.apple.product-type.bundle.unit-test";
		};
		9C9B65422DC111F600E1E8F0 /* MovieverseAppUITests */ = {
			isa = PBXNativeTarget;
			buildConfigurationList = 9C9B65532DC111F600E1E8F0 /* Build configuration list for PBXNativeTarget "MovieverseAppUITests" */;
			buildPhases = (
				9C9B653F2DC111F600E1E8F0 /* Sources */,
				9C9B65402DC111F600E1E8F0 /* Frameworks */,
				9C9B65412DC111F600E1E8F0 /* Resources */,
			);
			buildRules = (
			);
			dependencies = (
				9C9B65452DC111F600E1E8F0 /* PBXTargetDependency */,
			);
			fileSystemSynchronizedGroups = (
				9C9B65462DC111F600E1E8F0 /* MovieverseAppUITests */,
			);
			name = MovieverseAppUITests;
			packageProductDependencies = (
			);
			productName = MovieverseAppUITests;
			productReference = 9C9B65432DC111F600E1E8F0 /* MovieverseAppUITests.xctest */;
			productType = "com.apple.product-type.bundle.ui-testing";
		};
/* End PBXNativeTarget section */

/* Begin PBXProject section */
		9C9B65212DC111F500E1E8F0 /* Project object */ = {
			isa = PBXProject;
			attributes = {
				BuildIndependentTargetsInParallel = 1;
				LastSwiftUpdateCheck = 1620;
				LastUpgradeCheck = 1620;
				TargetAttributes = {
					9C9B65282DC111F500E1E8F0 = {
						CreatedOnToolsVersion = 16.2;
					};
					9C9B65382DC111F600E1E8F0 = {
						CreatedOnToolsVersion = 16.2;
						TestTargetID = 9C9B65282DC111F500E1E8F0;
					};
					9C9B65422DC111F600E1E8F0 = {
						CreatedOnToolsVersion = 16.2;
						TestTargetID = 9C9B65282DC111F500E1E8F0;
					};
				};
			};
			buildConfigurationList = 9C9B65242DC111F500E1E8F0 /* Build configuration list for PBXProject "MovieverseApp" */;
			developmentRegion = en;
			hasScannedForEncodings = 0;
			knownRegions = (
				en,
				Base,
			);
			mainGroup = 9C9B65202DC111F500E1E8F0;
			minimizedProjectReferenceProxies = 1;
			preferredProjectObjectVersion = 77;
			productRefGroup = 9C9B652A2DC111F500E1E8F0 /* Products */;
			projectDirPath = "";
			projectRoot = "";
			targets = (
				9C9B65282DC111F500E1E8F0 /* MovieverseApp */,
				9C9B65382DC111F600E1E8F0 /* MovieverseAppTests */,
				9C9B65422DC111F600E1E8F0 /* MovieverseAppUITests */,
			);
		};
/* End PBXProject section */

/* Begin PBXResourcesBuildPhase section */
		9C9B65272DC111F500E1E8F0 /* Resources */ = {
			isa = PBXResourcesBuildPhase;
			buildActionMask = 2147483647;
			files = (
			);
			runOnlyForDeploymentPostprocessing = 0;
		};
		9C9B65372DC111F600E1E8F0 /* Resources */ = {
			isa = PBXResourcesBuildPhase;
			buildActionMask = 2147483647;
			files = (
			);
			runOnlyForDeploymentPostprocessing = 0;
		};
		9C9B65412DC111F600E1E8F0 /* Resources */ = {
			isa = PBXResourcesBuildPhase;
			buildActionMask = 2147483647;
			files = (
			);
			runOnlyForDeploymentPostprocessing = 0;
		};
/* End PBXResourcesBuildPhase section */

/* Begin PBXSourcesBuildPhase section */
		9C9B65252DC111F500E1E8F0 /* Sources */ = {
			isa = PBXSourcesBuildPhase;
			buildActionMask = 2147483647;
			files = (
			);
			runOnlyForDeploymentPostprocessing = 0;
		};
		9C9B65352DC111F600E1E8F0 /* Sources */ = {
			isa = PBXSourcesBuildPhase;
			buildActionMask = 2147483647;
			files = (
			);
			runOnlyForDeploymentPostprocessing = 0;
		};
		9C9B653F2DC111F600E1E8F0 /* Sources */ = {
			isa = PBXSourcesBuildPhase;
			buildActionMask = 2147483647;
			files = (
			);
			runOnlyForDeploymentPostprocessing = 0;
		};
/* End PBXSourcesBuildPhase section */

/* Begin PBXTargetDependency section */
		9C9B653B2DC111F600E1E8F0 /* PBXTargetDependency */ = {
			isa = PBXTargetDependency;
			target = 9C9B65282DC111F500E1E8F0 /* MovieverseApp */;
			targetProxy = 9C9B653A2DC111F600E1E8F0 /* PBXContainerItemProxy */;
		};
		9C9B65452DC111F600E1E8F0 /* PBXTargetDependency */ = {
			isa = PBXTargetDependency;
			target = 9C9B65282DC111F500E1E8F0 /* MovieverseApp */;
			targetProxy = 9C9B65442DC111F600E1E8F0 /* PBXContainerItemProxy */;
		};
/* End PBXTargetDependency section */

/* Begin XCBuildConfiguration section */
		9C9B654B2DC111F600E1E8F0 /* Debug */ = {
			isa = XCBuildConfiguration;
			buildSettings = {
				ALWAYS_SEARCH_USER_PATHS = NO;
				ASSETCATALOG_COMPILER_GENERATE_SWIFT_ASSET_SYMBOL_EXTENSIONS = YES;
				CLANG_ANALYZER_NONNULL = YES;
				CLANG_ANALYZER_NUMBER_OBJECT_CONVERSION = YES_AGGRESSIVE;
				CLANG_CXX_LANGUAGE_STANDARD = "gnu++20";
				CLANG_ENABLE_MODULES = YES;
				CLANG_ENABLE_OBJC_ARC = YES;
				CLANG_ENABLE_OBJC_WEAK = YES;
				CLANG_WARN_BLOCK_CAPTURE_AUTORELEASING = YES;
				CLANG_WARN_BOOL_CONVERSION = YES;
				CLANG_WARN_COMMA = YES;
				CLANG_WARN_CONSTANT_CONVERSION = YES;
				CLANG_WARN_DEPRECATED_OBJC_IMPLEMENTATIONS = YES;
				CLANG_WARN_DIRECT_OBJC_ISA_USAGE = YES_ERROR;
				CLANG_WARN_DOCUMENTATION_COMMENTS = YES;
				CLANG_WARN_EMPTY_BODY = YES;
				CLANG_WARN_ENUM_CONVERSION = YES;
				CLANG_WARN_INFINITE_RECURSION = YES;
				CLANG_WARN_INT_CONVERSION = YES;
				CLANG_WARN_NON_LITERAL_NULL_CONVERSION = YES;
				CLANG_WARN_OBJC_IMPLICIT_RETAIN_SELF = YES;
				CLANG_WARN_OBJC_LITERAL_CONVERSION = YES;
				CLANG_WARN_OBJC_ROOT_CLASS = YES_ERROR;
				CLANG_WARN_QUOTED_INCLUDE_IN_FRAMEWORK_HEADER = YES;
				CLANG_WARN_RANGE_LOOP_ANALYSIS = YES;
				CLANG_WARN_STRICT_PROTOTYPES = YES;
				CLANG_WARN_SUSPICIOUS_MOVE = YES;
				CLANG_WARN_UNGUARDED_AVAILABILITY = YES_AGGRESSIVE;
				CLANG_WARN_UNREACHABLE_CODE = YES;
				CLANG_WARN__DUPLICATE_METHOD_MATCH = YES;
				COPY_PHASE_STRIP = NO;
				DEBUG_INFORMATION_FORMAT = dwarf;
				ENABLE_STRICT_OBJC_MSGSEND = YES;
				ENABLE_TESTABILITY = YES;
				ENABLE_USER_SCRIPT_SANDBOXING = YES;
				GCC_C_LANGUAGE_STANDARD = gnu17;
				GCC_DYNAMIC_NO_PIC = NO;
				GCC_NO_COMMON_BLOCKS = YES;
				GCC_OPTIMIZATION_LEVEL = 0;
				GCC_PREPROCESSOR_DEFINITIONS = (
					"DEBUG=1",
					"$(inherited)",
				);
				GCC_WARN_64_TO_32_BIT_CONVERSION = YES;
				GCC_WARN_ABOUT_RETURN_TYPE = YES_ERROR;
				GCC_WARN_UNDECLARED_SELECTOR = YES;
				GCC_WARN_UNINITIALIZED_AUTOS = YES_AGGRESSIVE;
				GCC_WARN_UNUSED_FUNCTION = YES;
				GCC_WARN_UNUSED_VARIABLE = YES;
				IPHONEOS_DEPLOYMENT_TARGET = 18.2;
				LOCALIZATION_PREFERS_STRING_CATALOGS = YES;
				MTL_ENABLE_DEBUG_INFO = INCLUDE_SOURCE;
				MTL_FAST_MATH = YES;
				ONLY_ACTIVE_ARCH = YES;
				SDKROOT = iphoneos;
				SWIFT_ACTIVE_COMPILATION_CONDITIONS = "DEBUG $(inherited)";
				SWIFT_OPTIMIZATION_LEVEL = "-Onone";
			};
			name = Debug;
		};
		9C9B654C2DC111F600E1E8F0 /* Release */ = {
			isa = XCBuildConfiguration;
			buildSettings = {
				ALWAYS_SEARCH_USER_PATHS = NO;
				ASSETCATALOG_COMPILER_GENERATE_SWIFT_ASSET_SYMBOL_EXTENSIONS = YES;
				CLANG_ANALYZER_NONNULL = YES;
				CLANG_ANALYZER_NUMBER_OBJECT_CONVERSION = YES_AGGRESSIVE;
				CLANG_CXX_LANGUAGE_STANDARD = "gnu++20";
				CLANG_ENABLE_MODULES = YES;
				CLANG_ENABLE_OBJC_ARC = YES;
				CLANG_ENABLE_OBJC_WEAK = YES;
				CLANG_WARN_BLOCK_CAPTURE_AUTORELEASING = YES;
				CLANG_WARN_BOOL_CONVERSION = YES;
				CLANG_WARN_COMMA = YES;
				CLANG_WARN_CONSTANT_CONVERSION = YES;
				CLANG_WARN_DEPRECATED_OBJC_IMPLEMENTATIONS = YES;
				CLANG_WARN_DIRECT_OBJC_ISA_USAGE = YES_ERROR;
				CLANG_WARN_DOCUMENTATION_COMMENTS = YES;
				CLANG_WARN_EMPTY_BODY = YES;
				CLANG_WARN_ENUM_CONVERSION = YES;
				CLANG_WARN_INFINITE_RECURSION = YES;
				CLANG_WARN_INT_CONVERSION = YES;
				CLANG_WARN_NON_LITERAL_NULL_CONVERSION = YES;
				CLANG_WARN_OBJC_IMPLICIT_RETAIN_SELF = YES;
				CLANG_WARN_OBJC_LITERAL_CONVERSION = YES;
				CLANG_WARN_OBJC_ROOT_CLASS = YES_ERROR;
				CLANG_WARN_QUOTED_INCLUDE_IN_FRAMEWORK_HEADER = YES;
				CLANG_WARN_RANGE_LOOP_ANALYSIS = YES;
				CLANG_WARN_STRICT_PROTOTYPES = YES;
				CLANG_WARN_SUSPICIOUS_MOVE = YES;
				CLANG_WARN_UNGUARDED_AVAILABILITY = YES_AGGRESSIVE;
				CLANG_WARN_UNREACHABLE_CODE = YES;
				CLANG_WARN__DUPLICATE_METHOD_MATCH = YES;
				COPY_PHASE_STRIP = NO;
				DEBUG_INFORMATION_FORMAT = "dwarf-with-dsym";
				ENABLE_NS_ASSERTIONS = NO;
				ENABLE_STRICT_OBJC_MSGSEND = YES;
				ENABLE_USER_SCRIPT_SANDBOXING = YES;
				GCC_C_LANGUAGE_STANDARD = gnu17;
				GCC_NO_COMMON_BLOCKS = YES;
				GCC_WARN_64_TO_32_BIT_CONVERSION = YES;
				GCC_WARN_ABOUT_RETURN_TYPE = YES_ERROR;
				GCC_WARN_UNDECLARED_SELECTOR = YES;
				GCC_WARN_UNINITIALIZED_AUTOS = YES_AGGRESSIVE;
				GCC_WARN_UNUSED_FUNCTION = YES;
				GCC_WARN_UNUSED_VARIABLE = YES;
				IPHONEOS_DEPLOYMENT_TARGET = 18.2;
				LOCALIZATION_PREFERS_STRING_CATALOGS = YES;
				MTL_ENABLE_DEBUG_INFO = NO;
				MTL_FAST_MATH = YES;
				SDKROOT = iphoneos;
				SWIFT_COMPILATION_MODE = wholemodule;
				VALIDATE_PRODUCT = YES;
			};
			name = Release;
		};
		9C9B654E2DC111F600E1E8F0 /* Debug */ = {
			isa = XCBuildConfiguration;
			buildSettings = {
				ASSETCATALOG_COMPILER_APPICON_NAME = AppIcon;
				ASSETCATALOG_COMPILER_GLOBAL_ACCENT_COLOR_NAME = AccentColor;
				CODE_SIGN_STYLE = Automatic;
				CURRENT_PROJECT_VERSION = 1;
				DEVELOPMENT_ASSET_PATHS = "\"MovieverseApp/Preview Content\"";
				ENABLE_PREVIEWS = YES;
				GENERATE_INFOPLIST_FILE = YES;
				INFOPLIST_KEY_UIApplicationSceneManifest_Generation = YES;
				INFOPLIST_KEY_UIApplicationSupportsIndirectInputEvents = YES;
				INFOPLIST_KEY_UILaunchScreen_Generation = YES;
				INFOPLIST_KEY_UISupportedInterfaceOrientations_iPad = "UIInterfaceOrientationPortrait UIInterfaceOrientationPortraitUpsideDown UIInterfaceOrientationLandscapeLeft UIInterfaceOrientationLandscapeRight";
				INFOPLIST_KEY_UISupportedInterfaceOrientations_iPhone = "UIInterfaceOrientationPortrait UIInterfaceOrientationLandscapeLeft UIInterfaceOrientationLandscapeRight";
				LD_RUNPATH_SEARCH_PATHS = (
					"$(inherited)",
					"@executable_path/Frameworks",
				);
				MARKETING_VERSION = 1.0;
				PRODUCT_BUNDLE_IDENTIFIER = com.appledev.MovieverseApp;
				PRODUCT_NAME = "$(TARGET_NAME)";
				SWIFT_EMIT_LOC_STRINGS = YES;
				SWIFT_VERSION = 5.0;
				TARGETED_DEVICE_FAMILY = "1,2";
			};
			name = Debug;
		};
		9C9B654F2DC111F600E1E8F0 /* Release */ = {
			isa = XCBuildConfiguration;
			buildSettings = {
				ASSETCATALOG_COMPILER_APPICON_NAME = AppIcon;
				ASSETCATALOG_COMPILER_GLOBAL_ACCENT_COLOR_NAME = AccentColor;
				CODE_SIGN_STYLE = Automatic;
				CURRENT_PROJECT_VERSION = 1;
				DEVELOPMENT_ASSET_PATHS = "\"MovieverseApp/Preview Content\"";
				ENABLE_PREVIEWS = YES;
				GENERATE_INFOPLIST_FILE = YES;
				INFOPLIST_KEY_UIApplicationSceneManifest_Generation = YES;
				INFOPLIST_KEY_UIApplicationSupportsIndirectInputEvents = YES;
				INFOPLIST_KEY_UILaunchScreen_Generation = YES;
				INFOPLIST_KEY_UISupportedInterfaceOrientations_iPad = "UIInterfaceOrientationPortrait UIInterfaceOrientationPortraitUpsideDown UIInterfaceOrientationLandscapeLeft UIInterfaceOrientationLandscapeRight";
				INFOPLIST_KEY_UISupportedInterfaceOrientations_iPhone = "UIInterfaceOrientationPortrait UIInterfaceOrientationLandscapeLeft UIInterfaceOrientationLandscapeRight";
				LD_RUNPATH_SEARCH_PATHS = (
					"$(inherited)",
					"@executable_path/Frameworks",
				);
				MARKETING_VERSION = 1.0;
				PRODUCT_BUNDLE_IDENTIFIER = com.appledev.MovieverseApp;
				PRODUCT_NAME = "$(TARGET_NAME)";
				SWIFT_EMIT_LOC_STRINGS = YES;
				SWIFT_VERSION = 5.0;
				TARGETED_DEVICE_FAMILY = "1,2";
			};
			name = Release;
		};
		9C9B65512DC111F600E1E8F0 /* Debug */ = {
			isa = XCBuildConfiguration;
			buildSettings = {
				BUNDLE_LOADER = "$(TEST_HOST)";
				CODE_SIGN_STYLE = Automatic;
				CURRENT_PROJECT_VERSION = 1;
				GENERATE_INFOPLIST_FILE = YES;
				IPHONEOS_DEPLOYMENT_TARGET = 18.2;
				MARKETING_VERSION = 1.0;
				PRODUCT_BUNDLE_IDENTIFIER = com.appledev.MovieverseAppTests;
				PRODUCT_NAME = "$(TARGET_NAME)";
				SWIFT_EMIT_LOC_STRINGS = NO;
				SWIFT_VERSION = 5.0;
				TARGETED_DEVICE_FAMILY = "1,2";
				TEST_HOST = "$(BUILT_PRODUCTS_DIR)/MovieverseApp.app/$(BUNDLE_EXECUTABLE_FOLDER_PATH)/MovieverseApp";
			};
			name = Debug;
		};
		9C9B65522DC111F600E1E8F0 /* Release */ = {
			isa = XCBuildConfiguration;
			buildSettings = {
				BUNDLE_LOADER = "$(TEST_HOST)";
				CODE_SIGN_STYLE = Automatic;
				CURRENT_PROJECT_VERSION = 1;
				GENERATE_INFOPLIST_FILE = YES;
				IPHONEOS_DEPLOYMENT_TARGET = 18.2;
				MARKETING_VERSION = 1.0;
				PRODUCT_BUNDLE_IDENTIFIER = com.appledev.MovieverseAppTests;
				PRODUCT_NAME = "$(TARGET_NAME)";
				SWIFT_EMIT_LOC_STRINGS = NO;
				SWIFT_VERSION = 5.0;
				TARGETED_DEVICE_FAMILY = "1,2";
				TEST_HOST = "$(BUILT_PRODUCTS_DIR)/MovieverseApp.app/$(BUNDLE_EXECUTABLE_FOLDER_PATH)/MovieverseApp";
			};
			name = Release;
		};
		9C9B65542DC111F600E1E8F0 /* Debug */ = {
			isa = XCBuildConfiguration;
			buildSettings = {
				CODE_SIGN_STYLE = Automatic;
				CURRENT_PROJECT_VERSION = 1;
				GENERATE_INFOPLIST_FILE = YES;
				MARKETING_VERSION = 1.0;
				PRODUCT_BUNDLE_IDENTIFIER = com.appledev.MovieverseAppUITests;
				PRODUCT_NAME = "$(TARGET_NAME)";
				SWIFT_EMIT_LOC_STRINGS = NO;
				SWIFT_VERSION = 5.0;
				TARGETED_DEVICE_FAMILY = "1,2";
				TEST_TARGET_NAME = MovieverseApp;
			};
			name = Debug;
		};
		9C9B65552DC111F600E1E8F0 /* Release */ = {
			isa = XCBuildConfiguration;
			buildSettings = {
				CODE_SIGN_STYLE = Automatic;
				CURRENT_PROJECT_VERSION = 1;
				GENERATE_INFOPLIST_FILE = YES;
				MARKETING_VERSION = 1.0;
				PRODUCT_BUNDLE_IDENTIFIER = com.appledev.MovieverseAppUITests;
				PRODUCT_NAME = "$(TARGET_NAME)";
				SWIFT_EMIT_LOC_STRINGS = NO;
				SWIFT_VERSION = 5.0;
				TARGETED_DEVICE_FAMILY = "1,2";
				TEST_TARGET_NAME = MovieverseApp;
			};
			name = Release;
		};
/* End XCBuildConfiguration section */

/* Begin XCConfigurationList section */
		9C9B65242DC111F500E1E8F0 /* Build configuration list for PBXProject "MovieverseApp" */ = {
			isa = XCConfigurationList;
			buildConfigurations = (
				9C9B654B2DC111F600E1E8F0 /* Debug */,
				9C9B654C2DC111F600E1E8F0 /* Release */,
			);
			defaultConfigurationIsVisible = 0;
			defaultConfigurationName = Release;
		};
		9C9B654D2DC111F600E1E8F0 /* Build configuration list for PBXNativeTarget "MovieverseApp" */ = {
			isa = XCConfigurationList;
			buildConfigurations = (
				9C9B654E2DC111F600E1E8F0 /* Debug */,
				9C9B654F2DC111F600E1E8F0 /* Release */,
			);
			defaultConfigurationIsVisible = 0;
			defaultConfigurationName = Release;
		};
		9C9B65502DC111F600E1E8F0 /* Build configuration list for PBXNativeTarget "MovieverseAppTests" */ = {
			isa = XCConfigurationList;
			buildConfigurations = (
				9C9B65512DC111F600E1E8F0 /* Debug */,
				9C9B65522DC111F600E1E8F0 /* Release */,
			);
			defaultConfigurationIsVisible = 0;
			defaultConfigurationName = Release;
		};
		9C9B65532DC111F600E1E8F0 /* Build configuration list for PBXNativeTarget "MovieverseAppUITests" */ = {
			isa = XCConfigurationList;
			buildConfigurations = (
				9C9B65542DC111F600E1E8F0 /* Debug */,
				9C9B65552DC111F600E1E8F0 /* Release */,
			);
			defaultConfigurationIsVisible = 0;
			defaultConfigurationName = Release;
		};
/* End XCConfigurationList section */
	};
	rootObject = 9C9B65212DC111F500E1E8F0 /* Project object */;
}
